// !$*UTF8*$!
{
	archiveVersion = 1;
	classes = {
	};
	objectVersion = 51;
	objects = {

/* Begin PBXBuildFile section */
		676A61769D3C52A848CB9DC4 /* Pods_EmulatorSample.framework in Frameworks */ = {isa = PBXBuildFile; fileRef = 849475FE689B22617D514972 /* Pods_EmulatorSample.framework */; };
		FEEC0CF02418C7FF00343214 /* AppDelegate.swift in Sources */ = {isa = PBXBuildFile; fileRef = FEEC0CEF2418C7FF00343214 /* AppDelegate.swift */; };
		FEEC0CF22418C7FF00343214 /* SceneDelegate.swift in Sources */ = {isa = PBXBuildFile; fileRef = FEEC0CF12418C7FF00343214 /* SceneDelegate.swift */; };
		FEEC0CF42418C7FF00343214 /* ViewController.swift in Sources */ = {isa = PBXBuildFile; fileRef = FEEC0CF32418C7FF00343214 /* ViewController.swift */; };
		FEEC0CF72418C7FF00343214 /* Main.storyboard in Resources */ = {isa = PBXBuildFile; fileRef = FEEC0CF52418C7FF00343214 /* Main.storyboard */; };
		FEEC0CF92418C80000343214 /* Assets.xcassets in Resources */ = {isa = PBXBuildFile; fileRef = FEEC0CF82418C80000343214 /* Assets.xcassets */; };
		FEEC0CFC2418C80000343214 /* LaunchScreen.storyboard in Resources */ = {isa = PBXBuildFile; fileRef = FEEC0CFA2418C80000343214 /* LaunchScreen.storyboard */; };
		FEEC0D042418CB0000343214 /* GoogleService-Info.plist in Resources */ = {isa = PBXBuildFile; fileRef = FEEC0D032418CB0000343214 /* GoogleService-Info.plist */; };
/* End PBXBuildFile section */

/* Begin PBXFileReference section */
		6B522B5AF21AFCD9E40A7E06 /* Pods-EmulatorSample.debug.xcconfig */ = {isa = PBXFileReference; includeInIndex = 1; lastKnownFileType = text.xcconfig; name = "Pods-EmulatorSample.debug.xcconfig"; path = "Target Support Files/Pods-EmulatorSample/Pods-EmulatorSample.debug.xcconfig"; sourceTree = "<group>"; };
		849475FE689B22617D514972 /* Pods_EmulatorSample.framework */ = {isa = PBXFileReference; explicitFileType = wrapper.framework; includeInIndex = 0; path = Pods_EmulatorSample.framework; sourceTree = BUILT_PRODUCTS_DIR; };
		BC928E0611FE827A34CCA31A /* Pods-EmulatorSample.release.xcconfig */ = {isa = PBXFileReference; includeInIndex = 1; lastKnownFileType = text.xcconfig; name = "Pods-EmulatorSample.release.xcconfig"; path = "Target Support Files/Pods-EmulatorSample/Pods-EmulatorSample.release.xcconfig"; sourceTree = "<group>"; };
		FEEC0CEC2418C7FF00343214 /* EmulatorSample.app */ = {isa = PBXFileReference; explicitFileType = wrapper.application; includeInIndex = 0; path = EmulatorSample.app; sourceTree = BUILT_PRODUCTS_DIR; };
		FEEC0CEF2418C7FF00343214 /* AppDelegate.swift */ = {isa = PBXFileReference; lastKnownFileType = sourcecode.swift; path = AppDelegate.swift; sourceTree = "<group>"; };
		FEEC0CF12418C7FF00343214 /* SceneDelegate.swift */ = {isa = PBXFileReference; lastKnownFileType = sourcecode.swift; path = SceneDelegate.swift; sourceTree = "<group>"; };
		FEEC0CF32418C7FF00343214 /* ViewController.swift */ = {isa = PBXFileReference; lastKnownFileType = sourcecode.swift; path = ViewController.swift; sourceTree = "<group>"; };
		FEEC0CF62418C7FF00343214 /* Base */ = {isa = PBXFileReference; lastKnownFileType = file.storyboard; name = Base; path = Base.lproj/Main.storyboard; sourceTree = "<group>"; };
		FEEC0CF82418C80000343214 /* Assets.xcassets */ = {isa = PBXFileReference; lastKnownFileType = folder.assetcatalog; path = Assets.xcassets; sourceTree = "<group>"; };
		FEEC0CFB2418C80000343214 /* Base */ = {isa = PBXFileReference; lastKnownFileType = file.storyboard; name = Base; path = Base.lproj/LaunchScreen.storyboard; sourceTree = "<group>"; };
		FEEC0CFD2418C80000343214 /* Info.plist */ = {isa = PBXFileReference; lastKnownFileType = text.plist.xml; path = Info.plist; sourceTree = "<group>"; };
		FEEC0D032418CB0000343214 /* GoogleService-Info.plist */ = {isa = PBXFileReference; fileEncoding = 4; lastKnownFileType = text.plist.xml; path = "GoogleService-Info.plist"; sourceTree = "<group>"; };
/* End PBXFileReference section */

/* Begin PBXFrameworksBuildPhase section */
		FEEC0CE92418C7FF00343214 /* Frameworks */ = {
			isa = PBXFrameworksBuildPhase;
			buildActionMask = 2147483647;
			files = (
				676A61769D3C52A848CB9DC4 /* Pods_EmulatorSample.framework in Frameworks */,
			);
			runOnlyForDeploymentPostprocessing = 0;
		};
/* End PBXFrameworksBuildPhase section */

/* Begin PBXGroup section */
		6FDA9DFE57D4B5F30721DFB1 /* Pods */ = {
			isa = PBXGroup;
			children = (
				6B522B5AF21AFCD9E40A7E06 /* Pods-EmulatorSample.debug.xcconfig */,
				BC928E0611FE827A34CCA31A /* Pods-EmulatorSample.release.xcconfig */,
			);
			path = Pods;
			sourceTree = "<group>";
		};
		A4297C39AEE56299E7EA183E /* Frameworks */ = {
			isa = PBXGroup;
			children = (
				849475FE689B22617D514972 /* Pods_EmulatorSample.framework */,
			);
			name = Frameworks;
			sourceTree = "<group>";
		};
		FEEC0CE32418C7FF00343214 = {
			isa = PBXGroup;
			children = (
				FEEC0CEE2418C7FF00343214 /* EmulatorSample */,
				FEEC0CED2418C7FF00343214 /* Products */,
				6FDA9DFE57D4B5F30721DFB1 /* Pods */,
				A4297C39AEE56299E7EA183E /* Frameworks */,
			);
			sourceTree = "<group>";
		};
		FEEC0CED2418C7FF00343214 /* Products */ = {
			isa = PBXGroup;
			children = (
				FEEC0CEC2418C7FF00343214 /* EmulatorSample.app */,
			);
			name = Products;
			sourceTree = "<group>";
		};
		FEEC0CEE2418C7FF00343214 /* EmulatorSample */ = {
			isa = PBXGroup;
			children = (
				FEEC0D032418CB0000343214 /* GoogleService-Info.plist */,
				FEEC0CEF2418C7FF00343214 /* AppDelegate.swift */,
				FEEC0CF12418C7FF00343214 /* SceneDelegate.swift */,
				FEEC0CF32418C7FF00343214 /* ViewController.swift */,
				FEEC0CF52418C7FF00343214 /* Main.storyboard */,
				FEEC0CF82418C80000343214 /* Assets.xcassets */,
				FEEC0CFA2418C80000343214 /* LaunchScreen.storyboard */,
				FEEC0CFD2418C80000343214 /* Info.plist */,
			);
			path = EmulatorSample;
			sourceTree = "<group>";
		};
/* End PBXGroup section */

/* Begin PBXNativeTarget section */
		FEEC0CEB2418C7FF00343214 /* EmulatorSample */ = {
			isa = PBXNativeTarget;
			buildConfigurationList = FEEC0D002418C80000343214 /* Build configuration list for PBXNativeTarget "EmulatorSample" */;
			buildPhases = (
				434DB4B38E0849250FE9653F /* [CP] Check Pods Manifest.lock */,
				FEEC0CE82418C7FF00343214 /* Sources */,
				FEEC0CE92418C7FF00343214 /* Frameworks */,
				FEEC0CEA2418C7FF00343214 /* Resources */,
				FB8BC85D21BD8FFA0407EC19 /* [CP] Embed Pods Frameworks */,
			);
			buildRules = (
			);
			dependencies = (
			);
			name = EmulatorSample;
			productName = EmulatorSample;
			productReference = FEEC0CEC2418C7FF00343214 /* EmulatorSample.app */;
			productType = "com.apple.product-type.application";
		};
/* End PBXNativeTarget section */

/* Begin PBXProject section */
		FEEC0CE42418C7FF00343214 /* Project object */ = {
			isa = PBXProject;
			attributes = {
				LastSwiftUpdateCheck = 1130;
				LastUpgradeCheck = 1130;
				ORGANIZATIONNAME = mono;
				TargetAttributes = {
					FEEC0CEB2418C7FF00343214 = {
						CreatedOnToolsVersion = 11.3.1;
					};
				};
			};
			buildConfigurationList = FEEC0CE72418C7FF00343214 /* Build configuration list for PBXProject "EmulatorSample" */;
			compatibilityVersion = "Xcode 9.3";
			developmentRegion = en;
			hasScannedForEncodings = 0;
			knownRegions = (
				en,
				Base,
			);
			mainGroup = FEEC0CE32418C7FF00343214;
			productRefGroup = FEEC0CED2418C7FF00343214 /* Products */;
			projectDirPath = "";
			projectRoot = "";
			targets = (
				FEEC0CEB2418C7FF00343214 /* EmulatorSample */,
			);
		};
/* End PBXProject section */

/* Begin PBXResourcesBuildPhase section */
		FEEC0CEA2418C7FF00343214 /* Resources */ = {
			isa = PBXResourcesBuildPhase;
			buildActionMask = 2147483647;
			files = (
				FEEC0CFC2418C80000343214 /* LaunchScreen.storyboard in Resources */,
				FEEC0D042418CB0000343214 /* GoogleService-Info.plist in Resources */,
				FEEC0CF92418C80000343214 /* Assets.xcassets in Resources */,
				FEEC0CF72418C7FF00343214 /* Main.storyboard in Resources */,
			);
			runOnlyForDeploymentPostprocessing = 0;
		};
/* End PBXResourcesBuildPhase section */

/* Begin PBXShellScriptBuildPhase section */
		434DB4B38E0849250FE9653F /* [CP] Check Pods Manifest.lock */ = {
			isa = PBXShellScriptBuildPhase;
			buildActionMask = 2147483647;
			files = (
			);
			inputFileListPaths = (
			);
			inputPaths = (
				"${PODS_PODFILE_DIR_PATH}/Podfile.lock",
				"${PODS_ROOT}/Manifest.lock",
			);
			name = "[CP] Check Pods Manifest.lock";
			outputFileListPaths = (
			);
			outputPaths = (
				"$(DERIVED_FILE_DIR)/Pods-EmulatorSample-checkManifestLockResult.txt",
			);
			runOnlyForDeploymentPostprocessing = 0;
			shellPath = /bin/sh;
			shellScript = "diff \"${PODS_PODFILE_DIR_PATH}/Podfile.lock\" \"${PODS_ROOT}/Manifest.lock\" > /dev/null\nif [ $? != 0 ] ; then\n    # print error to STDERR\n    echo \"error: The sandbox is not in sync with the Podfile.lock. Run 'pod install' or update your CocoaPods installation.\" >&2\n    exit 1\nfi\n# This output is used by Xcode 'outputs' to avoid re-running this script phase.\necho \"SUCCESS\" > \"${SCRIPT_OUTPUT_FILE_0}\"\n";
			showEnvVarsInLog = 0;
		};
		FB8BC85D21BD8FFA0407EC19 /* [CP] Embed Pods Frameworks */ = {
			isa = PBXShellScriptBuildPhase;
			buildActionMask = 2147483647;
			files = (
			);
			inputFileListPaths = (
				"${PODS_ROOT}/Target Support Files/Pods-EmulatorSample/Pods-EmulatorSample-frameworks-${CONFIGURATION}-input-files.xcfilelist",
			);
			name = "[CP] Embed Pods Frameworks";
			outputFileListPaths = (
				"${PODS_ROOT}/Target Support Files/Pods-EmulatorSample/Pods-EmulatorSample-frameworks-${CONFIGURATION}-output-files.xcfilelist",
			);
			runOnlyForDeploymentPostprocessing = 0;
			shellPath = /bin/sh;
			shellScript = "\"${PODS_ROOT}/Target Support Files/Pods-EmulatorSample/Pods-EmulatorSample-frameworks.sh\"\n";
			showEnvVarsInLog = 0;
		};
/* End PBXShellScriptBuildPhase section */

/* Begin PBXSourcesBuildPhase section */
		FEEC0CE82418C7FF00343214 /* Sources */ = {
			isa = PBXSourcesBuildPhase;
			buildActionMask = 2147483647;
			files = (
				FEEC0CF42418C7FF00343214 /* ViewController.swift in Sources */,
				FEEC0CF02418C7FF00343214 /* AppDelegate.swift in Sources */,
				FEEC0CF22418C7FF00343214 /* SceneDelegate.swift in Sources */,
			);
			runOnlyForDeploymentPostprocessing = 0;
		};
/* End PBXSourcesBuildPhase section */

/* Begin PBXVariantGroup section */
		FEEC0CF52418C7FF00343214 /* Main.storyboard */ = {
			isa = PBXVariantGroup;
			children = (
				FEEC0CF62418C7FF00343214 /* Base */,
			);
			name = Main.storyboard;
			sourceTree = "<group>";
		};
		FEEC0CFA2418C80000343214 /* LaunchScreen.storyboard */ = {
			isa = PBXVariantGroup;
			children = (
				FEEC0CFB2418C80000343214 /* Base */,
			);
			name = LaunchScreen.storyboard;
			sourceTree = "<group>";
		};
/* End PBXVariantGroup section */

/* Begin XCBuildConfiguration section */
		FEEC0CFE2418C80000343214 /* Debug */ = {
			isa = XCBuildConfiguration;
			buildSettings = {
				ALWAYS_SEARCH_USER_PATHS = NO;
				CLANG_ANALYZER_NONNULL = YES;
				CLANG_ANALYZER_NUMBER_OBJECT_CONVERSION = YES_AGGRESSIVE;
				CLANG_CXX_LANGUAGE_STANDARD = "gnu++14";
				CLANG_CXX_LIBRARY = "libc++";
				CLANG_ENABLE_MODULES = YES;
				CLANG_ENABLE_OBJC_ARC = YES;
				CLANG_ENABLE_OBJC_WEAK = YES;
				CLANG_WARN_BLOCK_CAPTURE_AUTORELEASING = YES;
				CLANG_WARN_BOOL_CONVERSION = YES;
				CLANG_WARN_COMMA = YES;
				CLANG_WARN_CONSTANT_CONVERSION = YES;
				CLANG_WARN_DEPRECATED_OBJC_IMPLEMENTATIONS = YES;
				CLANG_WARN_DIRECT_OBJC_ISA_USAGE = YES_ERROR;
				CLANG_WARN_DOCUMENTATION_COMMENTS = YES;
				CLANG_WARN_EMPTY_BODY = YES;
				CLANG_WARN_ENUM_CONVERSION = YES;
				CLANG_WARN_INFINITE_RECURSION = YES;
				CLANG_WARN_INT_CONVERSION = YES;
				CLANG_WARN_NON_LITERAL_NULL_CONVERSION = YES;
				CLANG_WARN_OBJC_IMPLICIT_RETAIN_SELF = YES;
				CLANG_WARN_OBJC_LITERAL_CONVERSION = YES;
				CLANG_WARN_OBJC_ROOT_CLASS = YES_ERROR;
				CLANG_WARN_RANGE_LOOP_ANALYSIS = YES;
				CLANG_WARN_STRICT_PROTOTYPES = YES;
				CLANG_WARN_SUSPICIOUS_MOVE = YES;
				CLANG_WARN_UNGUARDED_AVAILABILITY = YES_AGGRESSIVE;
				CLANG_WARN_UNREACHABLE_CODE = YES;
				CLANG_WARN__DUPLICATE_METHOD_MATCH = YES;
				COPY_PHASE_STRIP = NO;
				DEBUG_INFORMATION_FORMAT = dwarf;
				ENABLE_STRICT_OBJC_MSGSEND = YES;
				ENABLE_TESTABILITY = YES;
				GCC_C_LANGUAGE_STANDARD = gnu11;
				GCC_DYNAMIC_NO_PIC = NO;
				GCC_NO_COMMON_BLOCKS = YES;
				GCC_OPTIMIZATION_LEVEL = 0;
				GCC_PREPROCESSOR_DEFINITIONS = (
					"DEBUG=1",
					"$(inherited)",
				);
				GCC_WARN_64_TO_32_BIT_CONVERSION = YES;
				GCC_WARN_ABOUT_RETURN_TYPE = YES_ERROR;
				GCC_WARN_UNDECLARED_SELECTOR = YES;
				GCC_WARN_UNINITIALIZED_AUTOS = YES_AGGRESSIVE;
				GCC_WARN_UNUSED_FUNCTION = YES;
				GCC_WARN_UNUSED_VARIABLE = YES;
				IPHONEOS_DEPLOYMENT_TARGET = 13.2;
				MTL_ENABLE_DEBUG_INFO = INCLUDE_SOURCE;
				MTL_FAST_MATH = YES;
				ONLY_ACTIVE_ARCH = YES;
				SDKROOT = iphoneos;
				SWIFT_ACTIVE_COMPILATION_CONDITIONS = DEBUG;
				SWIFT_OPTIMIZATION_LEVEL = "-Onone";
			};
			name = Debug;
		};
		FEEC0CFF2418C80000343214 /* Release */ = {
			isa = XCBuildConfiguration;
			buildSettings = {
				ALWAYS_SEARCH_USER_PATHS = NO;
				CLANG_ANALYZER_NONNULL = YES;
				CLANG_ANALYZER_NUMBER_OBJECT_CONVERSION = YES_AGGRESSIVE;
				CLANG_CXX_LANGUAGE_STANDARD = "gnu++14";
				CLANG_CXX_LIBRARY = "libc++";
				CLANG_ENABLE_MODULES = YES;
				CLANG_ENABLE_OBJC_ARC = YES;
				CLANG_ENABLE_OBJC_WEAK = YES;
				CLANG_WARN_BLOCK_CAPTURE_AUTORELEASING = YES;
				CLANG_WARN_BOOL_CONVERSION = YES;
				CLANG_WARN_COMMA = YES;
				CLANG_WARN_CONSTANT_CONVERSION = YES;
				CLANG_WARN_DEPRECATED_OBJC_IMPLEMENTATIONS = YES;
				CLANG_WARN_DIRECT_OBJC_ISA_USAGE = YES_ERROR;
				CLANG_WARN_DOCUMENTATION_COMMENTS = YES;
				CLANG_WARN_EMPTY_BODY = YES;
				CLANG_WARN_ENUM_CONVERSION = YES;
				CLANG_WARN_INFINITE_RECURSION = YES;
				CLANG_WARN_INT_CONVERSION = YES;
				CLANG_WARN_NON_LITERAL_NULL_CONVERSION = YES;
				CLANG_WARN_OBJC_IMPLICIT_RETAIN_SELF = YES;
				CLANG_WARN_OBJC_LITERAL_CONVERSION = YES;
				CLANG_WARN_OBJC_ROOT_CLASS = YES_ERROR;
				CLANG_WARN_RANGE_LOOP_ANALYSIS = YES;
				CLANG_WARN_STRICT_PROTOTYPES = YES;
				CLANG_WARN_SUSPICIOUS_MOVE = YES;
				CLANG_WARN_UNGUARDED_AVAILABILITY = YES_AGGRESSIVE;
				CLANG_WARN_UNREACHABLE_CODE = YES;
				CLANG_WARN__DUPLICATE_METHOD_MATCH = YES;
				COPY_PHASE_STRIP = NO;
				DEBUG_INFORMATION_FORMAT = "dwarf-with-dsym";
				ENABLE_NS_ASSERTIONS = NO;
				ENABLE_STRICT_OBJC_MSGSEND = YES;
				GCC_C_LANGUAGE_STANDARD = gnu11;
				GCC_NO_COMMON_BLOCKS = YES;
				GCC_WARN_64_TO_32_BIT_CONVERSION = YES;
				GCC_WARN_ABOUT_RETURN_TYPE = YES_ERROR;
				GCC_WARN_UNDECLARED_SELECTOR = YES;
				GCC_WARN_UNINITIALIZED_AUTOS = YES_AGGRESSIVE;
				GCC_WARN_UNUSED_FUNCTION = YES;
				GCC_WARN_UNUSED_VARIABLE = YES;
				IPHONEOS_DEPLOYMENT_TARGET = 13.2;
				MTL_ENABLE_DEBUG_INFO = NO;
				MTL_FAST_MATH = YES;
				SDKROOT = iphoneos;
				SWIFT_COMPILATION_MODE = wholemodule;
				SWIFT_OPTIMIZATION_LEVEL = "-O";
				VALIDATE_PRODUCT = YES;
			};
			name = Release;
		};
		FEEC0D012418C80000343214 /* Debug */ = {
			isa = XCBuildConfiguration;
			baseConfigurationReference = 6B522B5AF21AFCD9E40A7E06 /* Pods-EmulatorSample.debug.xcconfig */;
			buildSettings = {
				ASSETCATALOG_COMPILER_APPICON_NAME = AppIcon;
				CODE_SIGN_STYLE = Automatic;
				INFOPLIST_FILE = EmulatorSample/Info.plist;
				LD_RUNPATH_SEARCH_PATHS = (
					"$(inherited)",
					"@executable_path/Frameworks",
				);
				PRODUCT_BUNDLE_IDENTIFIER = com.mono0926.EmulatorSample;
				PRODUCT_NAME = "$(TARGET_NAME)";
				SWIFT_VERSION = 5.0;
				TARGETED_DEVICE_FAMILY = "1,2";
			};
			name = Debug;
		};
		FEEC0D022418C80000343214 /* Release */ = {
			isa = XCBuildConfiguration;
			baseConfigurationReference = BC928E0611FE827A34CCA31A /* Pods-EmulatorSample.release.xcconfig */;
			buildSettings = {
				ASSETCATALOG_COMPILER_APPICON_NAME = AppIcon;
				CODE_SIGN_STYLE = Automatic;
				INFOPLIST_FILE = EmulatorSample/Info.plist;
				LD_RUNPATH_SEARCH_PATHS = (
					"$(inherited)",
					"@executable_path/Frameworks",
				);
				PRODUCT_BUNDLE_IDENTIFIER = com.mono0926.EmulatorSample;
				PRODUCT_NAME = "$(TARGET_NAME)";
				SWIFT_VERSION = 5.0;
				TARGETED_DEVICE_FAMILY = "1,2";
			};
			name = Release;
		};
/* End XCBuildConfiguration section */

/* Begin XCConfigurationList section */
		FEEC0CE72418C7FF00343214 /* Build configuration list for PBXProject "EmulatorSample" */ = {
			isa = XCConfigurationList;
			buildConfigurations = (
				FEEC0CFE2418C80000343214 /* Debug */,
				FEEC0CFF2418C80000343214 /* Release */,
			);
			defaultConfigurationIsVisible = 0;
			defaultConfigurationName = Release;
		};
		FEEC0D002418C80000343214 /* Build configuration list for PBXNativeTarget "EmulatorSample" */ = {
			isa = XCConfigurationList;
			buildConfigurations = (
				FEEC0D012418C80000343214 /* Debug */,
				FEEC0D022418C80000343214 /* Release */,
			);
			defaultConfigurationIsVisible = 0;
			defaultConfigurationName = Release;
		};
/* End XCConfigurationList section */
	};
	rootObject = FEEC0CE42418C7FF00343214 /* Project object */;
}
